
Microsoft Visual Studio Solution File, Format Version 12.00
# Visual Studio Version 17
VisualStudioVersion = 17.2.32630.192
MinimumVisualStudioVersion = 10.0.40219.1
Project("{9A19103F-16F7-4668-BE54-9A1E7A4F7556}") = "ImageViewer", "ImageViewer\ImageViewer.csproj", "{993D9C5A-93FA-4FF8-ACE7-AB988E333156}"
EndProject
Project("{FAE04EC0-301F-11D3-BF4B-00C04F79EFBC}") = "ImageViewer.Updater", "ImageViewer.Updater\ImageViewer.Updater.csproj", "{548183AB-FD58-43C1-9FD4-2B0A9C601D33}"
EndProject
Global
	GlobalSection(SolutionConfigurationPlatforms) = preSolution
		Debug|Any CPU = Debug|Any CPU
		Debug|x64 = Debug|x64
		Release|Any CPU = Release|Any CPU
		Release|x64 = Release|x64
	EndGlobalSection
	GlobalSection(ProjectConfigurationPlatforms) = postSolution
		{993D9C5A-93FA-4FF8-ACE7-AB988E333156}.Debug|Any CPU.ActiveCfg = Debug|x64
		{993D9C5A-93FA-4FF8-ACE7-AB988E333156}.Debug|Any CPU.Build.0 = Debug|x64
		{993D9C5A-93FA-4FF8-ACE7-AB988E333156}.Debug|x64.ActiveCfg = Debug|x64
		{993D9C5A-93FA-4FF8-ACE7-AB988E333156}.Debug|x64.Build.0 = Debug|x64
		{993D9C5A-93FA-4FF8-ACE7-AB988E333156}.Debug|x64.Deploy.0 = Debug|x64
		{993D9C5A-93FA-4FF8-ACE7-AB988E333156}.Release|Any CPU.ActiveCfg = Release|x64
		{993D9C5A-93FA-4FF8-ACE7-AB988E333156}.Release|Any CPU.Build.0 = Release|x64
		{993D9C5A-93FA-4FF8-ACE7-AB988E333156}.Release|x64.ActiveCfg = Release|x64
		{993D9C5A-93FA-4FF8-ACE7-AB988E333156}.Release|x64.Build.0 = Release|x64
		{993D9C5A-93FA-4FF8-ACE7-AB988E333156}.Release|x64.Deploy.0 = Release|x64
		{548183AB-FD58-43C1-9FD4-2B0A9C601D33}.Debug|Any CPU.ActiveCfg = Debug|Any CPU
		{548183AB-FD58-43C1-9FD4-2B0A9C601D33}.Debug|Any CPU.Build.0 = Debug|Any CPU
		{548183AB-FD58-43C1-9FD4-2B0A9C601D33}.Debug|x64.ActiveCfg = Debug|Any CPU
		{548183AB-FD58-43C1-9FD4-2B0A9C601D33}.Debug|x64.Build.0 = Debug|Any CPU
		{548183AB-FD58-43C1-9FD4-2B0A9C601D33}.Release|Any CPU.ActiveCfg = Release|Any CPU
		{548183AB-FD58-43C1-9FD4-2B0A9C601D33}.Release|Any CPU.Build.0 = Release|Any CPU
		{548183AB-FD58-43C1-9FD4-2B0A9C601D33}.Release|x64.ActiveCfg = Release|Any CPU
		{548183AB-FD58-43C1-9FD4-2B0A9C601D33}.Release|x64.Build.0 = Release|Any CPU
	EndGlobalSection
	GlobalSection(SolutionProperties) = preSolution
		HideSolutionNode = FALSE
	EndGlobalSection
	GlobalSection(ExtensibilityGlobals) = postSolution
		SolutionGuid = {959E323C-0FD1-46FC-B721-0CA7807CEE0B}
	EndGlobalSection
EndGlobal
